
Microsoft Visual Studio Solution File, Format Version 12.00
# Visual Studio Version 17
VisualStudioVersion = 17.2.32526.322
MinimumVisualStudioVersion = 10.0.40219.1
Project("{9A19103F-16F7-4668-BE54-9A1E7A4F7556}") = "WinForm App", "WinForm App.csproj", "{9E5984D3-03AE-4C8A-B7CB-E5FFD42E1149}"
EndProject
Project("{FAE04EC0-301F-11D3-BF4B-00C04F79EFBC}") = "WinFormApp2", "..\WinFormApp2\WinFormApp2.csproj", "{F5B4C508-B75A-4C14-BF03-1335656289A5}"
EndProject
Global
	GlobalSection(SolutionConfigurationPlatforms) = preSolution
		Debug|Any CPU = Debug|Any CPU
		Release|Any CPU = Release|Any CPU
	EndGlobalSection
	GlobalSection(ProjectConfigurationPlatforms) = postSolution
		{9E5984D3-03AE-4C8A-B7CB-E5FFD42E1149}.Debug|Any CPU.ActiveCfg = Debug|Any CPU
		{9E5984D3-03AE-4C8A-B7CB-E5FFD42E1149}.Debug|Any CPU.Build.0 = Debug|Any CPU
		{9E5984D3-03AE-4C8A-B7CB-E5FFD42E1149}.Release|Any CPU.ActiveCfg = Release|Any CPU
		{9E5984D3-03AE-4C8A-B7CB-E5FFD42E1149}.Release|Any CPU.Build.0 = Release|Any CPU
		{F5B4C508-B75A-4C14-BF03-1335656289A5}.Debug|Any CPU.ActiveCfg = Debug|Any CPU
		{F5B4C508-B75A-4C14-BF03-1335656289A5}.Debug|Any CPU.Build.0 = Debug|Any CPU
		{F5B4C508-B75A-4C14-BF03-1335656289A5}.Release|Any CPU.ActiveCfg = Release|Any CPU
		{F5B4C508-B75A-4C14-BF03-1335656289A5}.Release|Any CPU.Build.0 = Release|Any CPU
	EndGlobalSection
	GlobalSection(SolutionProperties) = preSolution
		HideSolutionNode = FALSE
	EndGlobalSection
	GlobalSection(ExtensibilityGlobals) = postSolution
		SolutionGuid = {E8ABB35F-B07F-4FBB-ACB6-0F5632CCB3CE}
	EndGlobalSection
EndGlobal
